
Microsoft Visual Studio Solution File, Format Version 12.00
# Visual Studio Version 17
VisualStudioVersion = 17.13.35919.96 d17.13
MinimumVisualStudioVersion = 10.0.40219.1
Project("{FAE04EC0-301F-11D3-BF4B-00C04F79EFBC}") = "HardwareStoreAPI", "HardwareStoreAPI\HardwareStoreAPI.csproj", "{3415C3AB-D1C4-4CF0-8367-81C4734A8F9E}"
EndProject
Global
	GlobalSection(SolutionConfigurationPlatforms) = preSolution
		Debug|Any CPU = Debug|Any CPU
		Release|Any CPU = Release|Any CPU
	EndGlobalSection
	GlobalSection(ProjectConfigurationPlatforms) = postSolution
		{3415C3AB-D1C4-4CF0-8367-81C4734A8F9E}.Debug|Any CPU.ActiveCfg = Debug|Any CPU
		{3415C3AB-D1C4-4CF0-8367-81C4734A8F9E}.Debug|Any CPU.Build.0 = Debug|Any CPU
		{3415C3AB-D1C4-4CF0-8367-81C4734A8F9E}.Release|Any CPU.ActiveCfg = Release|Any CPU
		{3415C3AB-D1C4-4CF0-8367-81C4734A8F9E}.Release|Any CPU.Build.0 = Release|Any CPU
	EndGlobalSection
	GlobalSection(SolutionProperties) = preSolution
		HideSolutionNode = FALSE
	EndGlobalSection
	GlobalSection(ExtensibilityGlobals) = postSolution
		SolutionGuid = {F21A8001-298E-4163-A5AD-DCDE2C99F73F}
	EndGlobalSection
EndGlobal
